
Microsoft Visual Studio Solution File, Format Version 12.00
# Visual Studio Version 17
VisualStudioVersion = 17.1.32407.343
MinimumVisualStudioVersion = 10.0.40219.1
Project("{FAE04EC0-301F-11D3-BF4B-00C04F79EFBC}") = "Travelephant", "Travelephant\Travelephant.csproj", "{671378D9-3295-45A8-AFBE-7D1184D31B89}"
EndProject
Global
	GlobalSection(SolutionConfigurationPlatforms) = preSolution
		Debug|Any CPU = Debug|Any CPU
		Release|Any CPU = Release|Any CPU
	EndGlobalSection
	GlobalSection(ProjectConfigurationPlatforms) = postSolution
		{671378D9-3295-45A8-AFBE-7D1184D31B89}.Debug|Any CPU.ActiveCfg = Debug|Any CPU
		{671378D9-3295-45A8-AFBE-7D1184D31B89}.Debug|Any CPU.Build.0 = Debug|Any CPU
		{671378D9-3295-45A8-AFBE-7D1184D31B89}.Release|Any CPU.ActiveCfg = Release|Any CPU
		{671378D9-3295-45A8-AFBE-7D1184D31B89}.Release|Any CPU.Build.0 = Release|Any CPU
	EndGlobalSection
	GlobalSection(SolutionProperties) = preSolution
		HideSolutionNode = FALSE
	EndGlobalSection
	GlobalSection(ExtensibilityGlobals) = postSolution
		SolutionGuid = {841CC3F4-3D15-4465-ADD9-695AC21BB9B4}
	EndGlobalSection
EndGlobal
